# This file is automatically @generated by Wally.
# It is not intended for manual editing.
registry = "test"

[[package]]
name = "alicesaidhi/jabby"
version = "0.2.0-rc.5"
dependencies = [["jecs", "ukendio/jecs@0.4.0"], ["pebble", "alicesaidhi/pebble@0.1.0-rc.9"], ["t", "corecii/greentea@0.4.11"], ["vide", "centau/vide@0.3.1"]]

[[package]]
name = "alicesaidhi/pebble"
version = "0.1.0-rc.9"
dependencies = [["vide", "centau/vide@0.3.1"]]

[[package]]
name = "centau/vide"
version = "0.3.1"
dependencies = []

[[package]]
name = "corecii/greentea"
version = "0.4.11"
dependencies = []

[[package]]
name = "kadison/rbx-character-replication"
version = "0.1.0"
dependencies = [["future", "red-blox/future@1.0.1"], ["jecs", "ukendio/jecs@0.2.10"], ["planck", "yetanotherclown/planck@0.1.0-rc.1"], ["planckJabby", "yetanotherclown/planck-jabby@0.1.0-rc.1"]]

[[package]]
name = "red-blox/future"
version = "1.0.1"
dependencies = [["Spawn", "red-blox/spawn@1.1.0"]]

[[package]]
name = "red-blox/spawn"
version = "1.1.0"
dependencies = []

[[package]]
name = "ukendio/jecs"
version = "0.2.10"
dependencies = []

[[package]]
name = "ukendio/jecs"
version = "0.4.0"
dependencies = []

[[package]]
name = "yetanotherclown/planck"
version = "0.1.0-rc.1"
dependencies = []

[[package]]
name = "yetanotherclown/planck-jabby"
version = "0.1.0-rc.1"
dependencies = [["Jabby", "alicesaidhi/jabby@0.2.0-rc.5"]]
